// !$*UTF8*$!
{
	archiveVersion = 1;
	classes = {
	};
	objectVersion = 50;
	objects = {

/* Begin PBXBuildFile section */
		3B1AB6C222D4BF4300BC56C5 /* WeatherForHoursOfTheDayCollectionViewCell.swift in Sources */ = {isa = PBXBuildFile; fileRef = 3B1AB6C122D4BF4300BC56C5 /* WeatherForHoursOfTheDayCollectionViewCell.swift */; };
		3B1F495B22F8B17B00B036CF /* HomeViewModel.swift in Sources */ = {isa = PBXBuildFile; fileRef = 3B1F495A22F8B17B00B036CF /* HomeViewModel.swift */; };
		3B412ABF22F9B2DF006AA778 /* SixteenDaysViewModel.swift in Sources */ = {isa = PBXBuildFile; fileRef = 3B412ABE22F9B2DF006AA778 /* SixteenDaysViewModel.swift */; };
		3B4134AD22F760C9007A1D8E /* DarkSkyApiResponse.swift in Sources */ = {isa = PBXBuildFile; fileRef = 3B4134AC22F760C9007A1D8E /* DarkSkyApiResponse.swift */; };
		3B4134B122F8A5E6007A1D8E /* CurrentWeather.swift in Sources */ = {isa = PBXBuildFile; fileRef = 3B4134B022F8A5E5007A1D8E /* CurrentWeather.swift */; };
		3B53C22822ECDC3E00D58596 /* Weather16Days.swift in Sources */ = {isa = PBXBuildFile; fileRef = 3B53C22722ECDC3E00D58596 /* Weather16Days.swift */; };
		3B5557D322F32DE1002E4709 /* WeatherApiResponse.swift in Sources */ = {isa = PBXBuildFile; fileRef = 3B5557D222F32DE1002E4709 /* WeatherApiResponse.swift */; };
		3B5E7A6622EF6692004FE971 /* Forecast16DaysCell.swift in Sources */ = {isa = PBXBuildFile; fileRef = 3B5E7A6522EF6692004FE971 /* Forecast16DaysCell.swift */; };
		3B5E7A6822F0F7E9004FE971 /* InnerWeather.swift in Sources */ = {isa = PBXBuildFile; fileRef = 3B5E7A6722F0F7E9004FE971 /* InnerWeather.swift */; };
		3B69070922CF93860050D3CD /* AppDelegate.swift in Sources */ = {isa = PBXBuildFile; fileRef = 3B69070822CF93860050D3CD /* AppDelegate.swift */; };
		3B69070B22CF93860050D3CD /* HomeViewController.swift in Sources */ = {isa = PBXBuildFile; fileRef = 3B69070A22CF93860050D3CD /* HomeViewController.swift */; };
		3B69070E22CF93860050D3CD /* Main.storyboard in Resources */ = {isa = PBXBuildFile; fileRef = 3B69070C22CF93860050D3CD /* Main.storyboard */; };
		3B69071022CF93890050D3CD /* Assets.xcassets in Resources */ = {isa = PBXBuildFile; fileRef = 3B69070F22CF93890050D3CD /* Assets.xcassets */; };
		3B69071322CF93890050D3CD /* LaunchScreen.storyboard in Resources */ = {isa = PBXBuildFile; fileRef = 3B69071122CF93890050D3CD /* LaunchScreen.storyboard */; };
		3B69071E22CF93890050D3CD /* WeatherAppTests.swift in Sources */ = {isa = PBXBuildFile; fileRef = 3B69071D22CF93890050D3CD /* WeatherAppTests.swift */; };
		3B69072922CF93890050D3CD /* WeatherAppUITests.swift in Sources */ = {isa = PBXBuildFile; fileRef = 3B69072822CF93890050D3CD /* WeatherAppUITests.swift */; };
		3B6F06AE22EF2749007C0F5F /* Forecast16DaysTableViewController.swift in Sources */ = {isa = PBXBuildFile; fileRef = 3B6F06AD22EF2748007C0F5F /* Forecast16DaysTableViewController.swift */; };
		3BFFC1E522E5D9D500F743A8 /* Weather.swift in Sources */ = {isa = PBXBuildFile; fileRef = 3BFFC1E422E5D9D500F743A8 /* Weather.swift */; };
/* End PBXBuildFile section */

/* Begin PBXContainerItemProxy section */
		3B69071A22CF93890050D3CD /* PBXContainerItemProxy */ = {
			isa = PBXContainerItemProxy;
			containerPortal = 3B6906FD22CF93860050D3CD /* Project object */;
			proxyType = 1;
			remoteGlobalIDString = 3B69070422CF93860050D3CD;
			remoteInfo = WeatherApp;
		};
		3B69072522CF93890050D3CD /* PBXContainerItemProxy */ = {
			isa = PBXContainerItemProxy;
			containerPortal = 3B6906FD22CF93860050D3CD /* Project object */;
			proxyType = 1;
			remoteGlobalIDString = 3B69070422CF93860050D3CD;
			remoteInfo = WeatherApp;
		};
/* End PBXContainerItemProxy section */

/* Begin PBXFileReference section */
		3B1AB6C122D4BF4300BC56C5 /* WeatherForHoursOfTheDayCollectionViewCell.swift */ = {isa = PBXFileReference; lastKnownFileType = sourcecode.swift; path = WeatherForHoursOfTheDayCollectionViewCell.swift; sourceTree = "<group>"; };
		3B1F495A22F8B17B00B036CF /* HomeViewModel.swift */ = {isa = PBXFileReference; lastKnownFileType = sourcecode.swift; path = HomeViewModel.swift; sourceTree = "<group>"; };
		3B412ABE22F9B2DF006AA778 /* SixteenDaysViewModel.swift */ = {isa = PBXFileReference; lastKnownFileType = sourcecode.swift; path = SixteenDaysViewModel.swift; sourceTree = "<group>"; };
		3B4134AC22F760C9007A1D8E /* DarkSkyApiResponse.swift */ = {isa = PBXFileReference; lastKnownFileType = sourcecode.swift; path = DarkSkyApiResponse.swift; sourceTree = "<group>"; };
		3B4134B022F8A5E5007A1D8E /* CurrentWeather.swift */ = {isa = PBXFileReference; lastKnownFileType = sourcecode.swift; path = CurrentWeather.swift; sourceTree = "<group>"; };
		3B53C22722ECDC3E00D58596 /* Weather16Days.swift */ = {isa = PBXFileReference; lastKnownFileType = sourcecode.swift; path = Weather16Days.swift; sourceTree = "<group>"; };
		3B5557D222F32DE1002E4709 /* WeatherApiResponse.swift */ = {isa = PBXFileReference; lastKnownFileType = sourcecode.swift; name = WeatherApiResponse.swift; path = ../WeatherApiResponse.swift; sourceTree = "<group>"; };
		3B5E7A6522EF6692004FE971 /* Forecast16DaysCell.swift */ = {isa = PBXFileReference; lastKnownFileType = sourcecode.swift; path = Forecast16DaysCell.swift; sourceTree = "<group>"; };
		3B5E7A6722F0F7E9004FE971 /* InnerWeather.swift */ = {isa = PBXFileReference; lastKnownFileType = sourcecode.swift; path = InnerWeather.swift; sourceTree = "<group>"; };
		3B69070522CF93860050D3CD /* WeatherApp.app */ = {isa = PBXFileReference; explicitFileType = wrapper.application; includeInIndex = 0; path = WeatherApp.app; sourceTree = BUILT_PRODUCTS_DIR; };
		3B69070822CF93860050D3CD /* AppDelegate.swift */ = {isa = PBXFileReference; lastKnownFileType = sourcecode.swift; path = AppDelegate.swift; sourceTree = "<group>"; };
		3B69070A22CF93860050D3CD /* HomeViewController.swift */ = {isa = PBXFileReference; lastKnownFileType = sourcecode.swift; path = HomeViewController.swift; sourceTree = "<group>"; };
		3B69070D22CF93860050D3CD /* Base */ = {isa = PBXFileReference; lastKnownFileType = file.storyboard; name = Base; path = Base.lproj/Main.storyboard; sourceTree = "<group>"; };
		3B69070F22CF93890050D3CD /* Assets.xcassets */ = {isa = PBXFileReference; lastKnownFileType = folder.assetcatalog; path = Assets.xcassets; sourceTree = "<group>"; };
		3B69071222CF93890050D3CD /* Base */ = {isa = PBXFileReference; lastKnownFileType = file.storyboard; name = Base; path = Base.lproj/LaunchScreen.storyboard; sourceTree = "<group>"; };
		3B69071422CF93890050D3CD /* Info.plist */ = {isa = PBXFileReference; lastKnownFileType = text.plist.xml; path = Info.plist; sourceTree = "<group>"; };
		3B69071922CF93890050D3CD /* WeatherAppTests.xctest */ = {isa = PBXFileReference; explicitFileType = wrapper.cfbundle; includeInIndex = 0; path = WeatherAppTests.xctest; sourceTree = BUILT_PRODUCTS_DIR; };
		3B69071D22CF93890050D3CD /* WeatherAppTests.swift */ = {isa = PBXFileReference; lastKnownFileType = sourcecode.swift; path = WeatherAppTests.swift; sourceTree = "<group>"; };
		3B69071F22CF93890050D3CD /* Info.plist */ = {isa = PBXFileReference; lastKnownFileType = text.plist.xml; path = Info.plist; sourceTree = "<group>"; };
		3B69072422CF93890050D3CD /* WeatherAppUITests.xctest */ = {isa = PBXFileReference; explicitFileType = wrapper.cfbundle; includeInIndex = 0; path = WeatherAppUITests.xctest; sourceTree = BUILT_PRODUCTS_DIR; };
		3B69072822CF93890050D3CD /* WeatherAppUITests.swift */ = {isa = PBXFileReference; lastKnownFileType = sourcecode.swift; path = WeatherAppUITests.swift; sourceTree = "<group>"; };
		3B69072A22CF93890050D3CD /* Info.plist */ = {isa = PBXFileReference; lastKnownFileType = text.plist.xml; path = Info.plist; sourceTree = "<group>"; };
		3B6F06AD22EF2748007C0F5F /* Forecast16DaysTableViewController.swift */ = {isa = PBXFileReference; lastKnownFileType = sourcecode.swift; path = Forecast16DaysTableViewController.swift; sourceTree = "<group>"; };
		3BFFC1E422E5D9D500F743A8 /* Weather.swift */ = {isa = PBXFileReference; lastKnownFileType = sourcecode.swift; path = Weather.swift; sourceTree = "<group>"; };
/* End PBXFileReference section */

/* Begin PBXFrameworksBuildPhase section */
		3B69070222CF93860050D3CD /* Frameworks */ = {
			isa = PBXFrameworksBuildPhase;
			buildActionMask = 2147483647;
			files = (
			);
			runOnlyForDeploymentPostprocessing = 0;
		};
		3B69071622CF93890050D3CD /* Frameworks */ = {
			isa = PBXFrameworksBuildPhase;
			buildActionMask = 2147483647;
			files = (
			);
			runOnlyForDeploymentPostprocessing = 0;
		};
		3B69072122CF93890050D3CD /* Frameworks */ = {
			isa = PBXFrameworksBuildPhase;
			buildActionMask = 2147483647;
			files = (
			);
			runOnlyForDeploymentPostprocessing = 0;
		};
/* End PBXFrameworksBuildPhase section */

/* Begin PBXGroup section */
		3B1F495722F8B0D200B036CF /* Home */ = {
			isa = PBXGroup;
			children = (
				3B1F495822F8B0E400B036CF /* ViewModel */,
				3B1F495922F8B0F100B036CF /* View */,
			);
			path = Home;
			sourceTree = "<group>";
		};
		3B1F495822F8B0E400B036CF /* ViewModel */ = {
			isa = PBXGroup;
			children = (
				3B1F495A22F8B17B00B036CF /* HomeViewModel.swift */,
			);
			path = ViewModel;
			sourceTree = "<group>";
		};
		3B1F495922F8B0F100B036CF /* View */ = {
			isa = PBXGroup;
			children = (
				3B69070A22CF93860050D3CD /* HomeViewController.swift */,
			);
			path = View;
			sourceTree = "<group>";
		};
		3B412ABB22F9B254006AA778 /* 16DaysView */ = {
			isa = PBXGroup;
			children = (
				3B412ABD22F9B29D006AA778 /* ViewModel */,
				3B412ABC22F9B296006AA778 /* View */,
			);
			path = 16DaysView;
			sourceTree = "<group>";
		};
		3B412ABC22F9B296006AA778 /* View */ = {
			isa = PBXGroup;
			children = (
				3B6F06AD22EF2748007C0F5F /* Forecast16DaysTableViewController.swift */,
			);
			path = View;
			sourceTree = "<group>";
		};
		3B412ABD22F9B29D006AA778 /* ViewModel */ = {
			isa = PBXGroup;
			children = (
				3B412ABE22F9B2DF006AA778 /* SixteenDaysViewModel.swift */,
			);
			path = ViewModel;
			sourceTree = "<group>";
		};
		3B4134B422F8B058007A1D8E /* Module */ = {
			isa = PBXGroup;
			children = (
				3B412ABB22F9B254006AA778 /* 16DaysView */,
				3B1F495722F8B0D200B036CF /* Home */,
			);
			path = Module;
			sourceTree = "<group>";
		};
		3B6906FC22CF93860050D3CD = {
			isa = PBXGroup;
			children = (
				3B69070722CF93860050D3CD /* WeatherApp */,
				3B69071C22CF93890050D3CD /* WeatherAppTests */,
				3B69072722CF93890050D3CD /* WeatherAppUITests */,
				3B69070622CF93860050D3CD /* Products */,
			);
			sourceTree = "<group>";
		};
		3B69070622CF93860050D3CD /* Products */ = {
			isa = PBXGroup;
			children = (
				3B69070522CF93860050D3CD /* WeatherApp.app */,
				3B69071922CF93890050D3CD /* WeatherAppTests.xctest */,
				3B69072422CF93890050D3CD /* WeatherAppUITests.xctest */,
			);
			name = Products;
			sourceTree = "<group>";
		};
		3B69070722CF93860050D3CD /* WeatherApp */ = {
			isa = PBXGroup;
			children = (
				3B4134B422F8B058007A1D8E /* Module */,
				3B69070822CF93860050D3CD /* AppDelegate.swift */,
				3BFFC1E422E5D9D500F743A8 /* Weather.swift */,
				3B4134AC22F760C9007A1D8E /* DarkSkyApiResponse.swift */,
				3B53C22722ECDC3E00D58596 /* Weather16Days.swift */,
				3B5557D222F32DE1002E4709 /* WeatherApiResponse.swift */,
				3B4134B022F8A5E5007A1D8E /* CurrentWeather.swift */,
				3B5E7A6722F0F7E9004FE971 /* InnerWeather.swift */,
				3B69070C22CF93860050D3CD /* Main.storyboard */,
				3B1AB6C122D4BF4300BC56C5 /* WeatherForHoursOfTheDayCollectionViewCell.swift */,
				3B5E7A6522EF6692004FE971 /* Forecast16DaysCell.swift */,
				3B69070F22CF93890050D3CD /* Assets.xcassets */,
				3B69071122CF93890050D3CD /* LaunchScreen.storyboard */,
				3B69071422CF93890050D3CD /* Info.plist */,
			);
			path = WeatherApp;
			sourceTree = "<group>";
		};
		3B69071C22CF93890050D3CD /* WeatherAppTests */ = {
			isa = PBXGroup;
			children = (
				3B69071D22CF93890050D3CD /* WeatherAppTests.swift */,
				3B69071F22CF93890050D3CD /* Info.plist */,
			);
			path = WeatherAppTests;
			sourceTree = "<group>";
		};
		3B69072722CF93890050D3CD /* WeatherAppUITests */ = {
			isa = PBXGroup;
			children = (
				3B69072822CF93890050D3CD /* WeatherAppUITests.swift */,
				3B69072A22CF93890050D3CD /* Info.plist */,
			);
			path = WeatherAppUITests;
			sourceTree = "<group>";
		};
/* End PBXGroup section */

/* Begin PBXNativeTarget section */
		3B69070422CF93860050D3CD /* WeatherApp */ = {
			isa = PBXNativeTarget;
			buildConfigurationList = 3B69072D22CF93890050D3CD /* Build configuration list for PBXNativeTarget "WeatherApp" */;
			buildPhases = (
				3B69070122CF93860050D3CD /* Sources */,
				3B69070222CF93860050D3CD /* Frameworks */,
				3B69070322CF93860050D3CD /* Resources */,
			);
			buildRules = (
			);
			dependencies = (
			);
			name = WeatherApp;
			productName = WeatherApp;
			productReference = 3B69070522CF93860050D3CD /* WeatherApp.app */;
			productType = "com.apple.product-type.application";
		};
		3B69071822CF93890050D3CD /* WeatherAppTests */ = {
			isa = PBXNativeTarget;
			buildConfigurationList = 3B69073022CF93890050D3CD /* Build configuration list for PBXNativeTarget "WeatherAppTests" */;
			buildPhases = (
				3B69071522CF93890050D3CD /* Sources */,
				3B69071622CF93890050D3CD /* Frameworks */,
				3B69071722CF93890050D3CD /* Resources */,
			);
			buildRules = (
			);
			dependencies = (
				3B69071B22CF93890050D3CD /* PBXTargetDependency */,
			);
			name = WeatherAppTests;
			productName = WeatherAppTests;
			productReference = 3B69071922CF93890050D3CD /* WeatherAppTests.xctest */;
			productType = "com.apple.product-type.bundle.unit-test";
		};
		3B69072322CF93890050D3CD /* WeatherAppUITests */ = {
			isa = PBXNativeTarget;
			buildConfigurationList = 3B69073322CF93890050D3CD /* Build configuration list for PBXNativeTarget "WeatherAppUITests" */;
			buildPhases = (
				3B69072022CF93890050D3CD /* Sources */,
				3B69072122CF93890050D3CD /* Frameworks */,
				3B69072222CF93890050D3CD /* Resources */,
			);
			buildRules = (
			);
			dependencies = (
				3B69072622CF93890050D3CD /* PBXTargetDependency */,
			);
			name = WeatherAppUITests;
			productName = WeatherAppUITests;
			productReference = 3B69072422CF93890050D3CD /* WeatherAppUITests.xctest */;
			productType = "com.apple.product-type.bundle.ui-testing";
		};
/* End PBXNativeTarget section */

/* Begin PBXProject section */
		3B6906FD22CF93860050D3CD /* Project object */ = {
			isa = PBXProject;
			attributes = {
				LastSwiftUpdateCheck = 1020;
				LastUpgradeCheck = 1020;
				ORGANIZATIONNAME = "Ezgi Erden";
				TargetAttributes = {
					3B69070422CF93860050D3CD = {
						CreatedOnToolsVersion = 10.2.1;
					};
					3B69071822CF93890050D3CD = {
						CreatedOnToolsVersion = 10.2.1;
						TestTargetID = 3B69070422CF93860050D3CD;
					};
					3B69072322CF93890050D3CD = {
						CreatedOnToolsVersion = 10.2.1;
						TestTargetID = 3B69070422CF93860050D3CD;
					};
				};
			};
			buildConfigurationList = 3B69070022CF93860050D3CD /* Build configuration list for PBXProject "WeatherApp" */;
			compatibilityVersion = "Xcode 9.3";
			developmentRegion = en;
			hasScannedForEncodings = 0;
			knownRegions = (
				en,
				Base,
			);
			mainGroup = 3B6906FC22CF93860050D3CD;
			productRefGroup = 3B69070622CF93860050D3CD /* Products */;
			projectDirPath = "";
			projectRoot = "";
			targets = (
				3B69070422CF93860050D3CD /* WeatherApp */,
				3B69071822CF93890050D3CD /* WeatherAppTests */,
				3B69072322CF93890050D3CD /* WeatherAppUITests */,
			);
		};
/* End PBXProject section */

/* Begin PBXResourcesBuildPhase section */
		3B69070322CF93860050D3CD /* Resources */ = {
			isa = PBXResourcesBuildPhase;
			buildActionMask = 2147483647;
			files = (
				3B69071322CF93890050D3CD /* LaunchScreen.storyboard in Resources */,
				3B69071022CF93890050D3CD /* Assets.xcassets in Resources */,
				3B69070E22CF93860050D3CD /* Main.storyboard in Resources */,
			);
			runOnlyForDeploymentPostprocessing = 0;
		};
		3B69071722CF93890050D3CD /* Resources */ = {
			isa = PBXResourcesBuildPhase;
			buildActionMask = 2147483647;
			files = (
			);
			runOnlyForDeploymentPostprocessing = 0;
		};
		3B69072222CF93890050D3CD /* Resources */ = {
			isa = PBXResourcesBuildPhase;
			buildActionMask = 2147483647;
			files = (
			);
			runOnlyForDeploymentPostprocessing = 0;
		};
/* End PBXResourcesBuildPhase section */

/* Begin PBXSourcesBuildPhase section */
		3B69070122CF93860050D3CD /* Sources */ = {
			isa = PBXSourcesBuildPhase;
			buildActionMask = 2147483647;
			files = (
				3BFFC1E522E5D9D500F743A8 /* Weather.swift in Sources */,
				3B4134B122F8A5E6007A1D8E /* CurrentWeather.swift in Sources */,
				3B5E7A6822F0F7E9004FE971 /* InnerWeather.swift in Sources */,
				3B53C22822ECDC3E00D58596 /* Weather16Days.swift in Sources */,
				3B5E7A6622EF6692004FE971 /* Forecast16DaysCell.swift in Sources */,
				3B6F06AE22EF2749007C0F5F /* Forecast16DaysTableViewController.swift in Sources */,
				3B412ABF22F9B2DF006AA778 /* SixteenDaysViewModel.swift in Sources */,
				3B1AB6C222D4BF4300BC56C5 /* WeatherForHoursOfTheDayCollectionViewCell.swift in Sources */,
				3B1F495B22F8B17B00B036CF /* HomeViewModel.swift in Sources */,
				3B69070B22CF93860050D3CD /* HomeViewController.swift in Sources */,
				3B4134AD22F760C9007A1D8E /* DarkSkyApiResponse.swift in Sources */,
				3B69070922CF93860050D3CD /* AppDelegate.swift in Sources */,
				3B5557D322F32DE1002E4709 /* WeatherApiResponse.swift in Sources */,
			);
			runOnlyForDeploymentPostprocessing = 0;
		};
		3B69071522CF93890050D3CD /* Sources */ = {
			isa = PBXSourcesBuildPhase;
			buildActionMask = 2147483647;
			files = (
				3B69071E22CF93890050D3CD /* WeatherAppTests.swift in Sources */,
			);
			runOnlyForDeploymentPostprocessing = 0;
		};
		3B69072022CF93890050D3CD /* Sources */ = {
			isa = PBXSourcesBuildPhase;
			buildActionMask = 2147483647;
			files = (
				3B69072922CF93890050D3CD /* WeatherAppUITests.swift in Sources */,
			);
			runOnlyForDeploymentPostprocessing = 0;
		};
/* End PBXSourcesBuildPhase section */

/* Begin PBXTargetDependency section */
		3B69071B22CF93890050D3CD /* PBXTargetDependency */ = {
			isa = PBXTargetDependency;
			target = 3B69070422CF93860050D3CD /* WeatherApp */;
			targetProxy = 3B69071A22CF93890050D3CD /* PBXContainerItemProxy */;
		};
		3B69072622CF93890050D3CD /* PBXTargetDependency */ = {
			isa = PBXTargetDependency;
			target = 3B69070422CF93860050D3CD /* WeatherApp */;
			targetProxy = 3B69072522CF93890050D3CD /* PBXContainerItemProxy */;
		};
/* End PBXTargetDependency section */

/* Begin PBXVariantGroup section */
		3B69070C22CF93860050D3CD /* Main.storyboard */ = {
			isa = PBXVariantGroup;
			children = (
				3B69070D22CF93860050D3CD /* Base */,
			);
			name = Main.storyboard;
			sourceTree = "<group>";
		};
		3B69071122CF93890050D3CD /* LaunchScreen.storyboard */ = {
			isa = PBXVariantGroup;
			children = (
				3B69071222CF93890050D3CD /* Base */,
			);
			name = LaunchScreen.storyboard;
			sourceTree = "<group>";
		};
/* End PBXVariantGroup section */

/* Begin XCBuildConfiguration section */
		3B69072B22CF93890050D3CD /* Debug */ = {
			isa = XCBuildConfiguration;
			buildSettings = {
				ALWAYS_SEARCH_USER_PATHS = NO;
				CLANG_ANALYZER_NONNULL = YES;
				CLANG_ANALYZER_NUMBER_OBJECT_CONVERSION = YES_AGGRESSIVE;
				CLANG_CXX_LANGUAGE_STANDARD = "gnu++14";
				CLANG_CXX_LIBRARY = "libc++";
				CLANG_ENABLE_MODULES = YES;
				CLANG_ENABLE_OBJC_ARC = YES;
				CLANG_ENABLE_OBJC_WEAK = YES;
				CLANG_WARN_BLOCK_CAPTURE_AUTORELEASING = YES;
				CLANG_WARN_BOOL_CONVERSION = YES;
				CLANG_WARN_COMMA = YES;
				CLANG_WARN_CONSTANT_CONVERSION = YES;
				CLANG_WARN_DEPRECATED_OBJC_IMPLEMENTATIONS = YES;
				CLANG_WARN_DIRECT_OBJC_ISA_USAGE = YES_ERROR;
				CLANG_WARN_DOCUMENTATION_COMMENTS = YES;
				CLANG_WARN_EMPTY_BODY = YES;
				CLANG_WARN_ENUM_CONVERSION = YES;
				CLANG_WARN_INFINITE_RECURSION = YES;
				CLANG_WARN_INT_CONVERSION = YES;
				CLANG_WARN_NON_LITERAL_NULL_CONVERSION = YES;
				CLANG_WARN_OBJC_IMPLICIT_RETAIN_SELF = YES;
				CLANG_WARN_OBJC_LITERAL_CONVERSION = YES;
				CLANG_WARN_OBJC_ROOT_CLASS = YES_ERROR;
				CLANG_WARN_RANGE_LOOP_ANALYSIS = YES;
				CLANG_WARN_STRICT_PROTOTYPES = YES;
				CLANG_WARN_SUSPICIOUS_MOVE = YES;
				CLANG_WARN_UNGUARDED_AVAILABILITY = YES_AGGRESSIVE;
				CLANG_WARN_UNREACHABLE_CODE = YES;
				CLANG_WARN__DUPLICATE_METHOD_MATCH = YES;
				CODE_SIGN_IDENTITY = "iPhone Developer";
				COPY_PHASE_STRIP = NO;
				DEBUG_INFORMATION_FORMAT = dwarf;
				ENABLE_STRICT_OBJC_MSGSEND = YES;
				ENABLE_TESTABILITY = YES;
				GCC_C_LANGUAGE_STANDARD = gnu11;
				GCC_DYNAMIC_NO_PIC = NO;
				GCC_NO_COMMON_BLOCKS = YES;
				GCC_OPTIMIZATION_LEVEL = 0;
				GCC_PREPROCESSOR_DEFINITIONS = (
					"DEBUG=1",
					"$(inherited)",
				);
				GCC_WARN_64_TO_32_BIT_CONVERSION = YES;
				GCC_WARN_ABOUT_RETURN_TYPE = YES_ERROR;
				GCC_WARN_UNDECLARED_SELECTOR = YES;
				GCC_WARN_UNINITIALIZED_AUTOS = YES_AGGRESSIVE;
				GCC_WARN_UNUSED_FUNCTION = YES;
				GCC_WARN_UNUSED_VARIABLE = YES;
				IPHONEOS_DEPLOYMENT_TARGET = 12.2;
				MTL_ENABLE_DEBUG_INFO = INCLUDE_SOURCE;
				MTL_FAST_MATH = YES;
				ONLY_ACTIVE_ARCH = YES;
				SDKROOT = iphoneos;
				SWIFT_ACTIVE_COMPILATION_CONDITIONS = DEBUG;
				SWIFT_OPTIMIZATION_LEVEL = "-Onone";
			};
			name = Debug;
		};
		3B69072C22CF93890050D3CD /* Release */ = {
			isa = XCBuildConfiguration;
			buildSettings = {
				ALWAYS_SEARCH_USER_PATHS = NO;
				CLANG_ANALYZER_NONNULL = YES;
				CLANG_ANALYZER_NUMBER_OBJECT_CONVERSION = YES_AGGRESSIVE;
				CLANG_CXX_LANGUAGE_STANDARD = "gnu++14";
				CLANG_CXX_LIBRARY = "libc++";
				CLANG_ENABLE_MODULES = YES;
				CLANG_ENABLE_OBJC_ARC = YES;
				CLANG_ENABLE_OBJC_WEAK = YES;
				CLANG_WARN_BLOCK_CAPTURE_AUTORELEASING = YES;
				CLANG_WARN_BOOL_CONVERSION = YES;
				CLANG_WARN_COMMA = YES;
				CLANG_WARN_CONSTANT_CONVERSION = YES;
				CLANG_WARN_DEPRECATED_OBJC_IMPLEMENTATIONS = YES;
				CLANG_WARN_DIRECT_OBJC_ISA_USAGE = YES_ERROR;
				CLANG_WARN_DOCUMENTATION_COMMENTS = YES;
				CLANG_WARN_EMPTY_BODY = YES;
				CLANG_WARN_ENUM_CONVERSION = YES;
				CLANG_WARN_INFINITE_RECURSION = YES;
				CLANG_WARN_INT_CONVERSION = YES;
				CLANG_WARN_NON_LITERAL_NULL_CONVERSION = YES;
				CLANG_WARN_OBJC_IMPLICIT_RETAIN_SELF = YES;
				CLANG_WARN_OBJC_LITERAL_CONVERSION = YES;
				CLANG_WARN_OBJC_ROOT_CLASS = YES_ERROR;
				CLANG_WARN_RANGE_LOOP_ANALYSIS = YES;
				CLANG_WARN_STRICT_PROTOTYPES = YES;
				CLANG_WARN_SUSPICIOUS_MOVE = YES;
				CLANG_WARN_UNGUARDED_AVAILABILITY = YES_AGGRESSIVE;
				CLANG_WARN_UNREACHABLE_CODE = YES;
				CLANG_WARN__DUPLICATE_METHOD_MATCH = YES;
				CODE_SIGN_IDENTITY = "iPhone Developer";
				COPY_PHASE_STRIP = NO;
				DEBUG_INFORMATION_FORMAT = "dwarf-with-dsym";
				ENABLE_NS_ASSERTIONS = NO;
				ENABLE_STRICT_OBJC_MSGSEND = YES;
				GCC_C_LANGUAGE_STANDARD = gnu11;
				GCC_NO_COMMON_BLOCKS = YES;
				GCC_WARN_64_TO_32_BIT_CONVERSION = YES;
				GCC_WARN_ABOUT_RETURN_TYPE = YES_ERROR;
				GCC_WARN_UNDECLARED_SELECTOR = YES;
				GCC_WARN_UNINITIALIZED_AUTOS = YES_AGGRESSIVE;
				GCC_WARN_UNUSED_FUNCTION = YES;
				GCC_WARN_UNUSED_VARIABLE = YES;
				IPHONEOS_DEPLOYMENT_TARGET = 12.2;
				MTL_ENABLE_DEBUG_INFO = NO;
				MTL_FAST_MATH = YES;
				SDKROOT = iphoneos;
				SWIFT_COMPILATION_MODE = wholemodule;
				SWIFT_OPTIMIZATION_LEVEL = "-O";
				VALIDATE_PRODUCT = YES;
			};
			name = Release;
		};
		3B69072E22CF93890050D3CD /* Debug */ = {
			isa = XCBuildConfiguration;
			buildSettings = {
				ASSETCATALOG_COMPILER_APPICON_NAME = AppIcon;
				CODE_SIGN_STYLE = Automatic;
				DEVELOPMENT_TEAM = Z2H8H8VB86;
				INFOPLIST_FILE = WeatherApp/Info.plist;
				LD_RUNPATH_SEARCH_PATHS = (
					"$(inherited)",
					"@executable_path/Frameworks",
				);
				PRODUCT_BUNDLE_IDENTIFIER = Ezgi.WeatherApp;
				PRODUCT_NAME = "$(TARGET_NAME)";
				SWIFT_VERSION = 5.0;
				TARGETED_DEVICE_FAMILY = "1,2";
			};
			name = Debug;
		};
		3B69072F22CF93890050D3CD /* Release */ = {
			isa = XCBuildConfiguration;
			buildSettings = {
				ASSETCATALOG_COMPILER_APPICON_NAME = AppIcon;
				CODE_SIGN_STYLE = Automatic;
				DEVELOPMENT_TEAM = Z2H8H8VB86;
				INFOPLIST_FILE = WeatherApp/Info.plist;
				LD_RUNPATH_SEARCH_PATHS = (
					"$(inherited)",
					"@executable_path/Frameworks",
				);
				PRODUCT_BUNDLE_IDENTIFIER = Ezgi.WeatherApp;
				PRODUCT_NAME = "$(TARGET_NAME)";
				SWIFT_VERSION = 5.0;
				TARGETED_DEVICE_FAMILY = "1,2";
			};
			name = Release;
		};
		3B69073122CF93890050D3CD /* Debug */ = {
			isa = XCBuildConfiguration;
			buildSettings = {
				ALWAYS_EMBED_SWIFT_STANDARD_LIBRARIES = YES;
				BUNDLE_LOADER = "$(TEST_HOST)";
				CODE_SIGN_STYLE = Automatic;
				DEVELOPMENT_TEAM = Z2H8H8VB86;
				INFOPLIST_FILE = WeatherAppTests/Info.plist;
				LD_RUNPATH_SEARCH_PATHS = (
					"$(inherited)",
					"@executable_path/Frameworks",
					"@loader_path/Frameworks",
				);
				PRODUCT_BUNDLE_IDENTIFIER = Ezgi.WeatherAppTests;
				PRODUCT_NAME = "$(TARGET_NAME)";
				SWIFT_VERSION = 5.0;
				TARGETED_DEVICE_FAMILY = "1,2";
				TEST_HOST = "$(BUILT_PRODUCTS_DIR)/WeatherApp.app/WeatherApp";
			};
			name = Debug;
		};
		3B69073222CF93890050D3CD /* Release */ = {
			isa = XCBuildConfiguration;
			buildSettings = {
				ALWAYS_EMBED_SWIFT_STANDARD_LIBRARIES = YES;
				BUNDLE_LOADER = "$(TEST_HOST)";
				CODE_SIGN_STYLE = Automatic;
				DEVELOPMENT_TEAM = Z2H8H8VB86;
				INFOPLIST_FILE = WeatherAppTests/Info.plist;
				LD_RUNPATH_SEARCH_PATHS = (
					"$(inherited)",
					"@executable_path/Frameworks",
					"@loader_path/Frameworks",
				);
				PRODUCT_BUNDLE_IDENTIFIER = Ezgi.WeatherAppTests;
				PRODUCT_NAME = "$(TARGET_NAME)";
				SWIFT_VERSION = 5.0;
				TARGETED_DEVICE_FAMILY = "1,2";
				TEST_HOST = "$(BUILT_PRODUCTS_DIR)/WeatherApp.app/WeatherApp";
			};
			name = Release;
		};
		3B69073422CF93890050D3CD /* Debug */ = {
			isa = XCBuildConfiguration;
			buildSettings = {
				ALWAYS_EMBED_SWIFT_STANDARD_LIBRARIES = YES;
				CODE_SIGN_STYLE = Automatic;
				DEVELOPMENT_TEAM = Z2H8H8VB86;
				INFOPLIST_FILE = WeatherAppUITests/Info.plist;
				LD_RUNPATH_SEARCH_PATHS = (
					"$(inherited)",
					"@executable_path/Frameworks",
					"@loader_path/Frameworks",
				);
				PRODUCT_BUNDLE_IDENTIFIER = Ezgi.WeatherAppUITests;
				PRODUCT_NAME = "$(TARGET_NAME)";
				SWIFT_VERSION = 5.0;
				TARGETED_DEVICE_FAMILY = "1,2";
				TEST_TARGET_NAME = WeatherApp;
			};
			name = Debug;
		};
		3B69073522CF93890050D3CD /* Release */ = {
			isa = XCBuildConfiguration;
			buildSettings = {
				ALWAYS_EMBED_SWIFT_STANDARD_LIBRARIES = YES;
				CODE_SIGN_STYLE = Automatic;
				DEVELOPMENT_TEAM = Z2H8H8VB86;
				INFOPLIST_FILE = WeatherAppUITests/Info.plist;
				LD_RUNPATH_SEARCH_PATHS = (
					"$(inherited)",
					"@executable_path/Frameworks",
					"@loader_path/Frameworks",
				);
				PRODUCT_BUNDLE_IDENTIFIER = Ezgi.WeatherAppUITests;
				PRODUCT_NAME = "$(TARGET_NAME)";
				SWIFT_VERSION = 5.0;
				TARGETED_DEVICE_FAMILY = "1,2";
				TEST_TARGET_NAME = WeatherApp;
			};
			name = Release;
		};
/* End XCBuildConfiguration section */

/* Begin XCConfigurationList section */
		3B69070022CF93860050D3CD /* Build configuration list for PBXProject "WeatherApp" */ = {
			isa = XCConfigurationList;
			buildConfigurations = (
				3B69072B22CF93890050D3CD /* Debug */,
				3B69072C22CF93890050D3CD /* Release */,
			);
			defaultConfigurationIsVisible = 0;
			defaultConfigurationName = Release;
		};
		3B69072D22CF93890050D3CD /* Build configuration list for PBXNativeTarget "WeatherApp" */ = {
			isa = XCConfigurationList;
			buildConfigurations = (
				3B69072E22CF93890050D3CD /* Debug */,
				3B69072F22CF93890050D3CD /* Release */,
			);
			defaultConfigurationIsVisible = 0;
			defaultConfigurationName = Release;
		};
		3B69073022CF93890050D3CD /* Build configuration list for PBXNativeTarget "WeatherAppTests" */ = {
			isa = XCConfigurationList;
			buildConfigurations = (
				3B69073122CF93890050D3CD /* Debug */,
				3B69073222CF93890050D3CD /* Release */,
			);
			defaultConfigurationIsVisible = 0;
			defaultConfigurationName = Release;
		};
		3B69073322CF93890050D3CD /* Build configuration list for PBXNativeTarget "WeatherAppUITests" */ = {
			isa = XCConfigurationList;
			buildConfigurations = (
				3B69073422CF93890050D3CD /* Debug */,
				3B69073522CF93890050D3CD /* Release */,
			);
			defaultConfigurationIsVisible = 0;
			defaultConfigurationName = Release;
		};
/* End XCConfigurationList section */
	};
	rootObject = 3B6906FD22CF93860050D3CD /* Project object */;
}
